
Microsoft Visual Studio Solution File, Format Version 12.00
# Visual Studio Version 17
VisualStudioVersion = 17.9.34714.143
MinimumVisualStudioVersion = 10.0.40219.1
Project("{9A19103F-16F7-4668-BE54-9A1E7A4F7556}") = "SuggestionAppUI", "SuggestionAppUI\SuggestionAppUI.csproj", "{725D6EBA-53E7-44A7-AD3D-DDCE0EA254D8}"
EndProject
Project("{9A19103F-16F7-4668-BE54-9A1E7A4F7556}") = "SuggestionAppLibrary", "SuggestionAppLibrary\SuggestionAppLibrary.csproj", "{A3C51D6A-41FE-40EB-A7DA-D250EA680F5F}"
EndProject
Global
	GlobalSection(SolutionConfigurationPlatforms) = preSolution
		Debug|Any CPU = Debug|Any CPU
		Release|Any CPU = Release|Any CPU
	EndGlobalSection
	GlobalSection(ProjectConfigurationPlatforms) = postSolution
		{725D6EBA-53E7-44A7-AD3D-DDCE0EA254D8}.Debug|Any CPU.ActiveCfg = Debug|Any CPU
		{725D6EBA-53E7-44A7-AD3D-DDCE0EA254D8}.Debug|Any CPU.Build.0 = Debug|Any CPU
		{725D6EBA-53E7-44A7-AD3D-DDCE0EA254D8}.Release|Any CPU.ActiveCfg = Release|Any CPU
		{725D6EBA-53E7-44A7-AD3D-DDCE0EA254D8}.Release|Any CPU.Build.0 = Release|Any CPU
		{A3C51D6A-41FE-40EB-A7DA-D250EA680F5F}.Debug|Any CPU.ActiveCfg = Debug|Any CPU
		{A3C51D6A-41FE-40EB-A7DA-D250EA680F5F}.Debug|Any CPU.Build.0 = Debug|Any CPU
		{A3C51D6A-41FE-40EB-A7DA-D250EA680F5F}.Release|Any CPU.ActiveCfg = Release|Any CPU
		{A3C51D6A-41FE-40EB-A7DA-D250EA680F5F}.Release|Any CPU.Build.0 = Release|Any CPU
	EndGlobalSection
	GlobalSection(SolutionProperties) = preSolution
		HideSolutionNode = FALSE
	EndGlobalSection
	GlobalSection(ExtensibilityGlobals) = postSolution
		SolutionGuid = {291DB6E1-AE78-4EB2-8625-21F786EAC51A}
	EndGlobalSection
EndGlobal
